
Microsoft Visual Studio Solution File, Format Version 12.00
# Visual Studio Version 17
VisualStudioVersion = 17.0.32112.339
MinimumVisualStudioVersion = 10.0.40219.1
Project("{FAE04EC0-301F-11D3-BF4B-00C04F79EFBC}") = "Stock-Vivero", "Stock-Vivero\Stock-Vivero.csproj", "{C635B4E3-5E09-453A-A3CE-D37F3032D7B7}"
EndProject
Project("{FAE04EC0-301F-11D3-BF4B-00C04F79EFBC}") = "ClassLibrary1", "ClassLibrary1\ClassLibrary1.csproj", "{4E6A883A-EFE8-4ECF-AB57-E55C38458242}"
EndProject
Global
	GlobalSection(SolutionConfigurationPlatforms) = preSolution
		Debug|Any CPU = Debug|Any CPU
		Release|Any CPU = Release|Any CPU
	EndGlobalSection
	GlobalSection(ProjectConfigurationPlatforms) = postSolution
		{C635B4E3-5E09-453A-A3CE-D37F3032D7B7}.Debug|Any CPU.ActiveCfg = Debug|Any CPU
		{C635B4E3-5E09-453A-A3CE-D37F3032D7B7}.Debug|Any CPU.Build.0 = Debug|Any CPU
		{C635B4E3-5E09-453A-A3CE-D37F3032D7B7}.Release|Any CPU.ActiveCfg = Release|Any CPU
		{C635B4E3-5E09-453A-A3CE-D37F3032D7B7}.Release|Any CPU.Build.0 = Release|Any CPU
		{4E6A883A-EFE8-4ECF-AB57-E55C38458242}.Debug|Any CPU.ActiveCfg = Debug|Any CPU
		{4E6A883A-EFE8-4ECF-AB57-E55C38458242}.Debug|Any CPU.Build.0 = Debug|Any CPU
		{4E6A883A-EFE8-4ECF-AB57-E55C38458242}.Release|Any CPU.ActiveCfg = Release|Any CPU
		{4E6A883A-EFE8-4ECF-AB57-E55C38458242}.Release|Any CPU.Build.0 = Release|Any CPU
	EndGlobalSection
	GlobalSection(SolutionProperties) = preSolution
		HideSolutionNode = FALSE
	EndGlobalSection
	GlobalSection(ExtensibilityGlobals) = postSolution
		SolutionGuid = {CD052F3D-0920-419B-9797-B9AACAD04D0A}
	EndGlobalSection
EndGlobal
